// !$*UTF8*$!
{
	archiveVersion = 1;
	classes = {
	};
	objectVersion = 56;
	objects = {

/* Begin PBXBuildFile section */
		FA55F8D428DF194000CDBDEB /* Constants.swift in Sources */ = {isa = PBXBuildFile; fileRef = FA55F8D328DF194000CDBDEB /* Constants.swift */; };
		FA55F8D628DF197400CDBDEB /* WeatherManager.swift in Sources */ = {isa = PBXBuildFile; fileRef = FA55F8D528DF197400CDBDEB /* WeatherManager.swift */; };
		FA8A164D28DDD12100BDF5CE /* Alert.swift in Sources */ = {isa = PBXBuildFile; fileRef = FA8A164C28DDD12100BDF5CE /* Alert.swift */; };
		FAAA7A1828E1A53700B125E8 /* CurrentWeather.swift in Sources */ = {isa = PBXBuildFile; fileRef = FAAA7A1728E1A53700B125E8 /* CurrentWeather.swift */; };
		FACAAB7428DDBC07004A45A6 /* AppDelegate.swift in Sources */ = {isa = PBXBuildFile; fileRef = FACAAB7328DDBC07004A45A6 /* AppDelegate.swift */; };
		FACAAB7628DDBC07004A45A6 /* SceneDelegate.swift in Sources */ = {isa = PBXBuildFile; fileRef = FACAAB7528DDBC07004A45A6 /* SceneDelegate.swift */; };
		FACAAB7828DDBC07004A45A6 /* WeatherVC.swift in Sources */ = {isa = PBXBuildFile; fileRef = FACAAB7728DDBC07004A45A6 /* WeatherVC.swift */; };
		FACAAB7B28DDBC07004A45A6 /* Main.storyboard in Resources */ = {isa = PBXBuildFile; fileRef = FACAAB7928DDBC07004A45A6 /* Main.storyboard */; };
		FACAAB7D28DDBC07004A45A6 /* Assets.xcassets in Resources */ = {isa = PBXBuildFile; fileRef = FACAAB7C28DDBC07004A45A6 /* Assets.xcassets */; };
		FACAAB8028DDBC07004A45A6 /* LaunchScreen.storyboard in Resources */ = {isa = PBXBuildFile; fileRef = FACAAB7E28DDBC07004A45A6 /* LaunchScreen.storyboard */; };
		FAF07FA328E07F2D00ED6AD0 /* CurrentWeatherData.swift in Sources */ = {isa = PBXBuildFile; fileRef = FAF07FA228E07F2D00ED6AD0 /* CurrentWeatherData.swift */; };
/* End PBXBuildFile section */

/* Begin PBXFileReference section */
		FA55F8D328DF194000CDBDEB /* Constants.swift */ = {isa = PBXFileReference; lastKnownFileType = sourcecode.swift; path = Constants.swift; sourceTree = "<group>"; };
		FA55F8D528DF197400CDBDEB /* WeatherManager.swift */ = {isa = PBXFileReference; lastKnownFileType = sourcecode.swift; path = WeatherManager.swift; sourceTree = "<group>"; };
		FA8A164C28DDD12100BDF5CE /* Alert.swift */ = {isa = PBXFileReference; lastKnownFileType = sourcecode.swift; path = Alert.swift; sourceTree = "<group>"; };
		FAAA7A1728E1A53700B125E8 /* CurrentWeather.swift */ = {isa = PBXFileReference; lastKnownFileType = sourcecode.swift; path = CurrentWeather.swift; sourceTree = "<group>"; };
		FACAAB7028DDBC07004A45A6 /* WeatherApp.app */ = {isa = PBXFileReference; explicitFileType = wrapper.application; includeInIndex = 0; path = WeatherApp.app; sourceTree = BUILT_PRODUCTS_DIR; };
		FACAAB7328DDBC07004A45A6 /* AppDelegate.swift */ = {isa = PBXFileReference; lastKnownFileType = sourcecode.swift; path = AppDelegate.swift; sourceTree = "<group>"; };
		FACAAB7528DDBC07004A45A6 /* SceneDelegate.swift */ = {isa = PBXFileReference; lastKnownFileType = sourcecode.swift; path = SceneDelegate.swift; sourceTree = "<group>"; };
		FACAAB7728DDBC07004A45A6 /* WeatherVC.swift */ = {isa = PBXFileReference; lastKnownFileType = sourcecode.swift; path = WeatherVC.swift; sourceTree = "<group>"; };
		FACAAB7A28DDBC07004A45A6 /* Base */ = {isa = PBXFileReference; lastKnownFileType = file.storyboard; name = Base; path = Base.lproj/Main.storyboard; sourceTree = "<group>"; };
		FACAAB7C28DDBC07004A45A6 /* Assets.xcassets */ = {isa = PBXFileReference; lastKnownFileType = folder.assetcatalog; path = Assets.xcassets; sourceTree = "<group>"; };
		FACAAB7F28DDBC07004A45A6 /* Base */ = {isa = PBXFileReference; lastKnownFileType = file.storyboard; name = Base; path = Base.lproj/LaunchScreen.storyboard; sourceTree = "<group>"; };
		FACAAB8128DDBC07004A45A6 /* Info.plist */ = {isa = PBXFileReference; lastKnownFileType = text.plist.xml; path = Info.plist; sourceTree = "<group>"; };
		FAF07FA228E07F2D00ED6AD0 /* CurrentWeatherData.swift */ = {isa = PBXFileReference; lastKnownFileType = sourcecode.swift; path = CurrentWeatherData.swift; sourceTree = "<group>"; };
/* End PBXFileReference section */

/* Begin PBXFrameworksBuildPhase section */
		FACAAB6D28DDBC07004A45A6 /* Frameworks */ = {
			isa = PBXFrameworksBuildPhase;
			buildActionMask = 2147483647;
			files = (
			);
			runOnlyForDeploymentPostprocessing = 0;
		};
/* End PBXFrameworksBuildPhase section */

/* Begin PBXGroup section */
		FACAAB6728DDBC07004A45A6 = {
			isa = PBXGroup;
			children = (
				FACAAB7228DDBC07004A45A6 /* WeatherApp */,
				FACAAB7128DDBC07004A45A6 /* Products */,
			);
			sourceTree = "<group>";
		};
		FACAAB7128DDBC07004A45A6 /* Products */ = {
			isa = PBXGroup;
			children = (
				FACAAB7028DDBC07004A45A6 /* WeatherApp.app */,
			);
			name = Products;
			sourceTree = "<group>";
		};
		FACAAB7228DDBC07004A45A6 /* WeatherApp */ = {
			isa = PBXGroup;
			children = (
				FACAAB8A28DDBCAC004A45A6 /* ViewControllers */,
				FACAAB8928DDBCA5004A45A6 /* Models */,
				FACAAB8828DDBC92004A45A6 /* Views */,
				FACAAB8728DDBC6C004A45A6 /* Extensions */,
				FACAAB8B28DDBCCD004A45A6 /* SupportingFiles */,
			);
			path = WeatherApp;
			sourceTree = "<group>";
		};
		FACAAB8728DDBC6C004A45A6 /* Extensions */ = {
			isa = PBXGroup;
			children = (
				FA8A164C28DDD12100BDF5CE /* Alert.swift */,
			);
			path = Extensions;
			sourceTree = "<group>";
		};
		FACAAB8828DDBC92004A45A6 /* Views */ = {
			isa = PBXGroup;
			children = (
				FACAAB7928DDBC07004A45A6 /* Main.storyboard */,
				FACAAB7E28DDBC07004A45A6 /* LaunchScreen.storyboard */,
			);
			path = Views;
			sourceTree = "<group>";
		};
		FACAAB8928DDBCA5004A45A6 /* Models */ = {
			isa = PBXGroup;
			children = (
				FA55F8D528DF197400CDBDEB /* WeatherManager.swift */,
				FAF07FA228E07F2D00ED6AD0 /* CurrentWeatherData.swift */,
				FAAA7A1728E1A53700B125E8 /* CurrentWeather.swift */,
			);
			path = Models;
			sourceTree = "<group>";
		};
		FACAAB8A28DDBCAC004A45A6 /* ViewControllers */ = {
			isa = PBXGroup;
			children = (
				FACAAB7728DDBC07004A45A6 /* WeatherVC.swift */,
			);
			path = ViewControllers;
			sourceTree = "<group>";
		};
		FACAAB8B28DDBCCD004A45A6 /* SupportingFiles */ = {
			isa = PBXGroup;
			children = (
				FACAAB7528DDBC07004A45A6 /* SceneDelegate.swift */,
				FACAAB7328DDBC07004A45A6 /* AppDelegate.swift */,
				FACAAB7C28DDBC07004A45A6 /* Assets.xcassets */,
				FACAAB8128DDBC07004A45A6 /* Info.plist */,
				FA55F8D328DF194000CDBDEB /* Constants.swift */,
			);
			path = SupportingFiles;
			sourceTree = "<group>";
		};
/* End PBXGroup section */

/* Begin PBXNativeTarget section */
		FACAAB6F28DDBC07004A45A6 /* WeatherApp */ = {
			isa = PBXNativeTarget;
			buildConfigurationList = FACAAB8428DDBC07004A45A6 /* Build configuration list for PBXNativeTarget "WeatherApp" */;
			buildPhases = (
				FACAAB6C28DDBC07004A45A6 /* Sources */,
				FACAAB6D28DDBC07004A45A6 /* Frameworks */,
				FACAAB6E28DDBC07004A45A6 /* Resources */,
			);
			buildRules = (
			);
			dependencies = (
			);
			name = WeatherApp;
			productName = WeatherApp;
			productReference = FACAAB7028DDBC07004A45A6 /* WeatherApp.app */;
			productType = "com.apple.product-type.application";
		};
/* End PBXNativeTarget section */

/* Begin PBXProject section */
		FACAAB6828DDBC07004A45A6 /* Project object */ = {
			isa = PBXProject;
			attributes = {
				BuildIndependentTargetsInParallel = 1;
				LastSwiftUpdateCheck = 1400;
				LastUpgradeCheck = 1400;
				TargetAttributes = {
					FACAAB6F28DDBC07004A45A6 = {
						CreatedOnToolsVersion = 14.0;
					};
				};
			};
			buildConfigurationList = FACAAB6B28DDBC07004A45A6 /* Build configuration list for PBXProject "WeatherApp" */;
			compatibilityVersion = "Xcode 14.0";
			developmentRegion = en;
			hasScannedForEncodings = 0;
			knownRegions = (
				en,
				Base,
			);
			mainGroup = FACAAB6728DDBC07004A45A6;
			productRefGroup = FACAAB7128DDBC07004A45A6 /* Products */;
			projectDirPath = "";
			projectRoot = "";
			targets = (
				FACAAB6F28DDBC07004A45A6 /* WeatherApp */,
			);
		};
/* End PBXProject section */

/* Begin PBXResourcesBuildPhase section */
		FACAAB6E28DDBC07004A45A6 /* Resources */ = {
			isa = PBXResourcesBuildPhase;
			buildActionMask = 2147483647;
			files = (
				FACAAB8028DDBC07004A45A6 /* LaunchScreen.storyboard in Resources */,
				FACAAB7D28DDBC07004A45A6 /* Assets.xcassets in Resources */,
				FACAAB7B28DDBC07004A45A6 /* Main.storyboard in Resources */,
			);
			runOnlyForDeploymentPostprocessing = 0;
		};
/* End PBXResourcesBuildPhase section */

/* Begin PBXSourcesBuildPhase section */
		FACAAB6C28DDBC07004A45A6 /* Sources */ = {
			isa = PBXSourcesBuildPhase;
			buildActionMask = 2147483647;
			files = (
				FA55F8D628DF197400CDBDEB /* WeatherManager.swift in Sources */,
				FA55F8D428DF194000CDBDEB /* Constants.swift in Sources */,
				FAAA7A1828E1A53700B125E8 /* CurrentWeather.swift in Sources */,
				FACAAB7828DDBC07004A45A6 /* WeatherVC.swift in Sources */,
				FACAAB7428DDBC07004A45A6 /* AppDelegate.swift in Sources */,
				FA8A164D28DDD12100BDF5CE /* Alert.swift in Sources */,
				FAF07FA328E07F2D00ED6AD0 /* CurrentWeatherData.swift in Sources */,
				FACAAB7628DDBC07004A45A6 /* SceneDelegate.swift in Sources */,
			);
			runOnlyForDeploymentPostprocessing = 0;
		};
/* End PBXSourcesBuildPhase section */

/* Begin PBXVariantGroup section */
		FACAAB7928DDBC07004A45A6 /* Main.storyboard */ = {
			isa = PBXVariantGroup;
			children = (
				FACAAB7A28DDBC07004A45A6 /* Base */,
			);
			name = Main.storyboard;
			sourceTree = "<group>";
		};
		FACAAB7E28DDBC07004A45A6 /* LaunchScreen.storyboard */ = {
			isa = PBXVariantGroup;
			children = (
				FACAAB7F28DDBC07004A45A6 /* Base */,
			);
			name = LaunchScreen.storyboard;
			sourceTree = "<group>";
		};
/* End PBXVariantGroup section */

/* Begin XCBuildConfiguration section */
		FACAAB8228DDBC07004A45A6 /* Debug */ = {
			isa = XCBuildConfiguration;
			buildSettings = {
				ALWAYS_SEARCH_USER_PATHS = NO;
				CLANG_ANALYZER_NONNULL = YES;
				CLANG_ANALYZER_NUMBER_OBJECT_CONVERSION = YES_AGGRESSIVE;
				CLANG_CXX_LANGUAGE_STANDARD = "gnu++20";
				CLANG_ENABLE_MODULES = YES;
				CLANG_ENABLE_OBJC_ARC = YES;
				CLANG_ENABLE_OBJC_WEAK = YES;
				CLANG_WARN_BLOCK_CAPTURE_AUTORELEASING = YES;
				CLANG_WARN_BOOL_CONVERSION = YES;
				CLANG_WARN_COMMA = YES;
				CLANG_WARN_CONSTANT_CONVERSION = YES;
				CLANG_WARN_DEPRECATED_OBJC_IMPLEMENTATIONS = YES;
				CLANG_WARN_DIRECT_OBJC_ISA_USAGE = YES_ERROR;
				CLANG_WARN_DOCUMENTATION_COMMENTS = YES;
				CLANG_WARN_EMPTY_BODY = YES;
				CLANG_WARN_ENUM_CONVERSION = YES;
				CLANG_WARN_INFINITE_RECURSION = YES;
				CLANG_WARN_INT_CONVERSION = YES;
				CLANG_WARN_NON_LITERAL_NULL_CONVERSION = YES;
				CLANG_WARN_OBJC_IMPLICIT_RETAIN_SELF = YES;
				CLANG_WARN_OBJC_LITERAL_CONVERSION = YES;
				CLANG_WARN_OBJC_ROOT_CLASS = YES_ERROR;
				CLANG_WARN_QUOTED_INCLUDE_IN_FRAMEWORK_HEADER = YES;
				CLANG_WARN_RANGE_LOOP_ANALYSIS = YES;
				CLANG_WARN_STRICT_PROTOTYPES = YES;
				CLANG_WARN_SUSPICIOUS_MOVE = YES;
				CLANG_WARN_UNGUARDED_AVAILABILITY = YES_AGGRESSIVE;
				CLANG_WARN_UNREACHABLE_CODE = YES;
				CLANG_WARN__DUPLICATE_METHOD_MATCH = YES;
				COPY_PHASE_STRIP = NO;
				DEBUG_INFORMATION_FORMAT = dwarf;
				ENABLE_STRICT_OBJC_MSGSEND = YES;
				ENABLE_TESTABILITY = YES;
				GCC_C_LANGUAGE_STANDARD = gnu11;
				GCC_DYNAMIC_NO_PIC = NO;
				GCC_NO_COMMON_BLOCKS = YES;
				GCC_OPTIMIZATION_LEVEL = 0;
				GCC_PREPROCESSOR_DEFINITIONS = (
					"DEBUG=1",
					"$(inherited)",
				);
				GCC_WARN_64_TO_32_BIT_CONVERSION = YES;
				GCC_WARN_ABOUT_RETURN_TYPE = YES_ERROR;
				GCC_WARN_UNDECLARED_SELECTOR = YES;
				GCC_WARN_UNINITIALIZED_AUTOS = YES_AGGRESSIVE;
				GCC_WARN_UNUSED_FUNCTION = YES;
				GCC_WARN_UNUSED_VARIABLE = YES;
				IPHONEOS_DEPLOYMENT_TARGET = 16.0;
				MTL_ENABLE_DEBUG_INFO = INCLUDE_SOURCE;
				MTL_FAST_MATH = YES;
				ONLY_ACTIVE_ARCH = YES;
				SDKROOT = iphoneos;
				SWIFT_ACTIVE_COMPILATION_CONDITIONS = DEBUG;
				SWIFT_OPTIMIZATION_LEVEL = "-Onone";
			};
			name = Debug;
		};
		FACAAB8328DDBC07004A45A6 /* Release */ = {
			isa = XCBuildConfiguration;
			buildSettings = {
				ALWAYS_SEARCH_USER_PATHS = NO;
				CLANG_ANALYZER_NONNULL = YES;
				CLANG_ANALYZER_NUMBER_OBJECT_CONVERSION = YES_AGGRESSIVE;
				CLANG_CXX_LANGUAGE_STANDARD = "gnu++20";
				CLANG_ENABLE_MODULES = YES;
				CLANG_ENABLE_OBJC_ARC = YES;
				CLANG_ENABLE_OBJC_WEAK = YES;
				CLANG_WARN_BLOCK_CAPTURE_AUTORELEASING = YES;
				CLANG_WARN_BOOL_CONVERSION = YES;
				CLANG_WARN_COMMA = YES;
				CLANG_WARN_CONSTANT_CONVERSION = YES;
				CLANG_WARN_DEPRECATED_OBJC_IMPLEMENTATIONS = YES;
				CLANG_WARN_DIRECT_OBJC_ISA_USAGE = YES_ERROR;
				CLANG_WARN_DOCUMENTATION_COMMENTS = YES;
				CLANG_WARN_EMPTY_BODY = YES;
				CLANG_WARN_ENUM_CONVERSION = YES;
				CLANG_WARN_INFINITE_RECURSION = YES;
				CLANG_WARN_INT_CONVERSION = YES;
				CLANG_WARN_NON_LITERAL_NULL_CONVERSION = YES;
				CLANG_WARN_OBJC_IMPLICIT_RETAIN_SELF = YES;
				CLANG_WARN_OBJC_LITERAL_CONVERSION = YES;
				CLANG_WARN_OBJC_ROOT_CLASS = YES_ERROR;
				CLANG_WARN_QUOTED_INCLUDE_IN_FRAMEWORK_HEADER = YES;
				CLANG_WARN_RANGE_LOOP_ANALYSIS = YES;
				CLANG_WARN_STRICT_PROTOTYPES = YES;
				CLANG_WARN_SUSPICIOUS_MOVE = YES;
				CLANG_WARN_UNGUARDED_AVAILABILITY = YES_AGGRESSIVE;
				CLANG_WARN_UNREACHABLE_CODE = YES;
				CLANG_WARN__DUPLICATE_METHOD_MATCH = YES;
				COPY_PHASE_STRIP = NO;
				DEBUG_INFORMATION_FORMAT = "dwarf-with-dsym";
				ENABLE_NS_ASSERTIONS = NO;
				ENABLE_STRICT_OBJC_MSGSEND = YES;
				GCC_C_LANGUAGE_STANDARD = gnu11;
				GCC_NO_COMMON_BLOCKS = YES;
				GCC_WARN_64_TO_32_BIT_CONVERSION = YES;
				GCC_WARN_ABOUT_RETURN_TYPE = YES_ERROR;
				GCC_WARN_UNDECLARED_SELECTOR = YES;
				GCC_WARN_UNINITIALIZED_AUTOS = YES_AGGRESSIVE;
				GCC_WARN_UNUSED_FUNCTION = YES;
				GCC_WARN_UNUSED_VARIABLE = YES;
				IPHONEOS_DEPLOYMENT_TARGET = 16.0;
				MTL_ENABLE_DEBUG_INFO = NO;
				MTL_FAST_MATH = YES;
				SDKROOT = iphoneos;
				SWIFT_COMPILATION_MODE = wholemodule;
				SWIFT_OPTIMIZATION_LEVEL = "-O";
				VALIDATE_PRODUCT = YES;
			};
			name = Release;
		};
		FACAAB8528DDBC07004A45A6 /* Debug */ = {
			isa = XCBuildConfiguration;
			buildSettings = {
				ASSETCATALOG_COMPILER_APPICON_NAME = AppIcon;
				ASSETCATALOG_COMPILER_GLOBAL_ACCENT_COLOR_NAME = AccentColor;
				CODE_SIGN_STYLE = Automatic;
				CURRENT_PROJECT_VERSION = 1;
				DEVELOPMENT_TEAM = 2SQ428B324;
				GENERATE_INFOPLIST_FILE = YES;
				INFOPLIST_FILE = WeatherApp/SupportingFiles/Info.plist;
				INFOPLIST_KEY_UIApplicationSupportsIndirectInputEvents = YES;
				INFOPLIST_KEY_UILaunchStoryboardName = LaunchScreen;
				INFOPLIST_KEY_UIMainStoryboardFile = Main;
				INFOPLIST_KEY_UISupportedInterfaceOrientations_iPad = "UIInterfaceOrientationPortrait UIInterfaceOrientationPortraitUpsideDown UIInterfaceOrientationLandscapeLeft UIInterfaceOrientationLandscapeRight";
				INFOPLIST_KEY_UISupportedInterfaceOrientations_iPhone = "UIInterfaceOrientationPortrait UIInterfaceOrientationLandscapeLeft UIInterfaceOrientationLandscapeRight";
				LD_RUNPATH_SEARCH_PATHS = (
					"$(inherited)",
					"@executable_path/Frameworks",
				);
				MARKETING_VERSION = 1.0;
				PRODUCT_BUNDLE_IDENTIFIER = homework.WeatherApp;
				PRODUCT_NAME = "$(TARGET_NAME)";
				SWIFT_EMIT_LOC_STRINGS = YES;
				SWIFT_VERSION = 5.0;
				TARGETED_DEVICE_FAMILY = "1,2";
			};
			name = Debug;
		};
		FACAAB8628DDBC07004A45A6 /* Release */ = {
			isa = XCBuildConfiguration;
			buildSettings = {
				ASSETCATALOG_COMPILER_APPICON_NAME = AppIcon;
				ASSETCATALOG_COMPILER_GLOBAL_ACCENT_COLOR_NAME = AccentColor;
				CODE_SIGN_STYLE = Automatic;
				CURRENT_PROJECT_VERSION = 1;
				DEVELOPMENT_TEAM = 2SQ428B324;
				GENERATE_INFOPLIST_FILE = YES;
				INFOPLIST_FILE = WeatherApp/SupportingFiles/Info.plist;
				INFOPLIST_KEY_UIApplicationSupportsIndirectInputEvents = YES;
				INFOPLIST_KEY_UILaunchStoryboardName = LaunchScreen;
				INFOPLIST_KEY_UIMainStoryboardFile = Main;
				INFOPLIST_KEY_UISupportedInterfaceOrientations_iPad = "UIInterfaceOrientationPortrait UIInterfaceOrientationPortraitUpsideDown UIInterfaceOrientationLandscapeLeft UIInterfaceOrientationLandscapeRight";
				INFOPLIST_KEY_UISupportedInterfaceOrientations_iPhone = "UIInterfaceOrientationPortrait UIInterfaceOrientationLandscapeLeft UIInterfaceOrientationLandscapeRight";
				LD_RUNPATH_SEARCH_PATHS = (
					"$(inherited)",
					"@executable_path/Frameworks",
				);
				MARKETING_VERSION = 1.0;
				PRODUCT_BUNDLE_IDENTIFIER = homework.WeatherApp;
				PRODUCT_NAME = "$(TARGET_NAME)";
				SWIFT_EMIT_LOC_STRINGS = YES;
				SWIFT_VERSION = 5.0;
				TARGETED_DEVICE_FAMILY = "1,2";
			};
			name = Release;
		};
/* End XCBuildConfiguration section */

/* Begin XCConfigurationList section */
		FACAAB6B28DDBC07004A45A6 /* Build configuration list for PBXProject "WeatherApp" */ = {
			isa = XCConfigurationList;
			buildConfigurations = (
				FACAAB8228DDBC07004A45A6 /* Debug */,
				FACAAB8328DDBC07004A45A6 /* Release */,
			);
			defaultConfigurationIsVisible = 0;
			defaultConfigurationName = Release;
		};
		FACAAB8428DDBC07004A45A6 /* Build configuration list for PBXNativeTarget "WeatherApp" */ = {
			isa = XCConfigurationList;
			buildConfigurations = (
				FACAAB8528DDBC07004A45A6 /* Debug */,
				FACAAB8628DDBC07004A45A6 /* Release */,
			);
			defaultConfigurationIsVisible = 0;
			defaultConfigurationName = Release;
		};
/* End XCConfigurationList section */
	};
	rootObject = FACAAB6828DDBC07004A45A6 /* Project object */;
}
